
Microsoft Visual Studio Solution File, Format Version 12.00
# Visual Studio Version 16
VisualStudioVersion = 16.0.30523.141
MinimumVisualStudioVersion = 10.0.40219.1
Project("{FAE04EC0-301F-11D3-BF4B-00C04F79EFBC}") = "JamCentral", "JamCentral\JamCentral.csproj", "{2AD97A71-6F10-4B80-B354-9257741D092C}"
EndProject
Global
	GlobalSection(SolutionConfigurationPlatforms) = preSolution
		Debug|Any CPU = Debug|Any CPU
		Release|Any CPU = Release|Any CPU
	EndGlobalSection
	GlobalSection(ProjectConfigurationPlatforms) = postSolution
		{2AD97A71-6F10-4B80-B354-9257741D092C}.Debug|Any CPU.ActiveCfg = Debug|Any CPU
		{2AD97A71-6F10-4B80-B354-9257741D092C}.Debug|Any CPU.Build.0 = Debug|Any CPU
		{2AD97A71-6F10-4B80-B354-9257741D092C}.Release|Any CPU.ActiveCfg = Release|Any CPU
		{2AD97A71-6F10-4B80-B354-9257741D092C}.Release|Any CPU.Build.0 = Release|Any CPU
	EndGlobalSection
	GlobalSection(SolutionProperties) = preSolution
		HideSolutionNode = FALSE
	EndGlobalSection
	GlobalSection(ExtensibilityGlobals) = postSolution
		SolutionGuid = {DC23E736-A8F7-4786-AE42-0AB4DF0643BF}
	EndGlobalSection
EndGlobal
