
Microsoft Visual Studio Solution File, Format Version 12.00
# Visual Studio Version 16
VisualStudioVersion = 16.0.30523.141
MinimumVisualStudioVersion = 10.0.40219.1
Project("{FAE04EC0-301F-11D3-BF4B-00C04F79EFBC}") = "JamCentral", "JamCentral\JamCentral.csproj", "{2AD97A71-6F10-4B80-B354-9257741D092C}"
EndProject
Project("{FAE04EC0-301F-11D3-BF4B-00C04F79EFBC}") = "JamCentral.Tests", "JamCentral.Tests\JamCentral.Tests.csproj", "{C423578A-EAE5-4167-835B-6F9473F8A624}"
EndProject
Project("{FAE04EC0-301F-11D3-BF4B-00C04F79EFBC}") = "JamCentral.IntegrationTests", "JamCentral.IntegrationTests\JamCentral.IntegrationTests.csproj", "{1393B8E9-369F-444F-8EC0-01F22AEC8D4E}"
EndProject
Global
	GlobalSection(SolutionConfigurationPlatforms) = preSolution
		Debug|Any CPU = Debug|Any CPU
		Release|Any CPU = Release|Any CPU
	EndGlobalSection
	GlobalSection(ProjectConfigurationPlatforms) = postSolution
		{2AD97A71-6F10-4B80-B354-9257741D092C}.Debug|Any CPU.ActiveCfg = Debug|Any CPU
		{2AD97A71-6F10-4B80-B354-9257741D092C}.Debug|Any CPU.Build.0 = Debug|Any CPU
		{2AD97A71-6F10-4B80-B354-9257741D092C}.Release|Any CPU.ActiveCfg = Release|Any CPU
		{2AD97A71-6F10-4B80-B354-9257741D092C}.Release|Any CPU.Build.0 = Release|Any CPU
		{C423578A-EAE5-4167-835B-6F9473F8A624}.Debug|Any CPU.ActiveCfg = Debug|Any CPU
		{C423578A-EAE5-4167-835B-6F9473F8A624}.Debug|Any CPU.Build.0 = Debug|Any CPU
		{C423578A-EAE5-4167-835B-6F9473F8A624}.Release|Any CPU.ActiveCfg = Release|Any CPU
		{C423578A-EAE5-4167-835B-6F9473F8A624}.Release|Any CPU.Build.0 = Release|Any CPU
		{1393B8E9-369F-444F-8EC0-01F22AEC8D4E}.Debug|Any CPU.ActiveCfg = Debug|Any CPU
		{1393B8E9-369F-444F-8EC0-01F22AEC8D4E}.Debug|Any CPU.Build.0 = Debug|Any CPU
		{1393B8E9-369F-444F-8EC0-01F22AEC8D4E}.Release|Any CPU.ActiveCfg = Release|Any CPU
		{1393B8E9-369F-444F-8EC0-01F22AEC8D4E}.Release|Any CPU.Build.0 = Release|Any CPU
	EndGlobalSection
	GlobalSection(SolutionProperties) = preSolution
		HideSolutionNode = FALSE
	EndGlobalSection
	GlobalSection(ExtensibilityGlobals) = postSolution
		SolutionGuid = {DC23E736-A8F7-4786-AE42-0AB4DF0643BF}
	EndGlobalSection
EndGlobal
